
Microsoft Visual Studio Solution File, Format Version 12.00
# Visual Studio 15
VisualStudioVersion = 15.0.28307.329
MinimumVisualStudioVersion = 10.0.40219.1
Project("{F184B08F-C81C-45F6-A57F-5ABD9991F28F}") = "Decking Cost Calculator", "Decking Cost Calculator\Decking Cost Calculator.vbproj", "{2470A54E-EFE3-4C99-AF57-556782730E1A}"
EndProject
Global
	GlobalSection(SolutionConfigurationPlatforms) = preSolution
		Debug|Any CPU = Debug|Any CPU
		Release|Any CPU = Release|Any CPU
	EndGlobalSection
	GlobalSection(ProjectConfigurationPlatforms) = postSolution
		{2470A54E-EFE3-4C99-AF57-556782730E1A}.Debug|Any CPU.ActiveCfg = Debug|Any CPU
		{2470A54E-EFE3-4C99-AF57-556782730E1A}.Debug|Any CPU.Build.0 = Debug|Any CPU
		{2470A54E-EFE3-4C99-AF57-556782730E1A}.Release|Any CPU.ActiveCfg = Release|Any CPU
		{2470A54E-EFE3-4C99-AF57-556782730E1A}.Release|Any CPU.Build.0 = Release|Any CPU
	EndGlobalSection
	GlobalSection(SolutionProperties) = preSolution
		HideSolutionNode = FALSE
	EndGlobalSection
	GlobalSection(ExtensibilityGlobals) = postSolution
		SolutionGuid = {09051EEE-DE10-4B31-82DE-5A111A80637B}
	EndGlobalSection
EndGlobal
