
Microsoft Visual Studio Solution File, Format Version 12.00
# Visual Studio 15
VisualStudioVersion = 15.0.28307.329
MinimumVisualStudioVersion = 10.0.40219.1
Project("{F184B08F-C81C-45F6-A57F-5ABD9991F28F}") = "Fitness Challenge", "Fitness Challenge\Fitness Challenge.vbproj", "{F39FD8E0-0794-4909-84C8-65122F416C8D}"
EndProject
Global
	GlobalSection(SolutionConfigurationPlatforms) = preSolution
		Debug|Any CPU = Debug|Any CPU
		Release|Any CPU = Release|Any CPU
	EndGlobalSection
	GlobalSection(ProjectConfigurationPlatforms) = postSolution
		{F39FD8E0-0794-4909-84C8-65122F416C8D}.Debug|Any CPU.ActiveCfg = Debug|Any CPU
		{F39FD8E0-0794-4909-84C8-65122F416C8D}.Debug|Any CPU.Build.0 = Debug|Any CPU
		{F39FD8E0-0794-4909-84C8-65122F416C8D}.Release|Any CPU.ActiveCfg = Release|Any CPU
		{F39FD8E0-0794-4909-84C8-65122F416C8D}.Release|Any CPU.Build.0 = Release|Any CPU
	EndGlobalSection
	GlobalSection(SolutionProperties) = preSolution
		HideSolutionNode = FALSE
	EndGlobalSection
	GlobalSection(ExtensibilityGlobals) = postSolution
		SolutionGuid = {DBA6BA5F-1AEA-4170-B09E-94F984C5DD19}
	EndGlobalSection
EndGlobal
